Microsoft Visual Studio Solution File, Format Version 11.00
# Visual Studio 2008

Project("{F36C99AF-97BB-F11C-D4EF-A4D903570897}") = "Sustain-Game-Unity", "Assembly-CSharp-firstpass.csproj", "{3A2E57F8-7EEA-4D4E-D5D6-2AE8101A3803}"
EndProject
Project("{F36C99AF-97BB-F11C-D4EF-A4D903570897}") = "Sustain-Game-Unity", "Assembly-CSharp.csproj", "{F3048D3B-5779-FF63-3B4F-E35F1947D797}"
EndProject
Project("{F36C99AF-97BB-F11C-D4EF-A4D903570897}") = "Sustain-Game-Unity", "Assembly-UnityScript-firstpass.unityproj", "{3362E14D-A8F0-505C-3137-FF2215E59ADF}"
EndProject
Global
	GlobalSection(SolutionConfigurationPlatforms) = preSolution
		Debug|Any CPU = Debug|Any CPU
		Release|Any CPU = Release|Any CPU
	EndGlobalSection
	GlobalSection(ProjectConfigurationPlatforms) = postSolution
		{3A2E57F8-7EEA-4D4E-D5D6-2AE8101A3803}.Debug|Any CPU.ActiveCfg = Debug|Any CPU
		{3A2E57F8-7EEA-4D4E-D5D6-2AE8101A3803}.Debug|Any CPU.Build.0 = Debug|Any CPU
		{3A2E57F8-7EEA-4D4E-D5D6-2AE8101A3803}.Release|Any CPU.ActiveCfg = Release|Any CPU
		{3A2E57F8-7EEA-4D4E-D5D6-2AE8101A3803}.Release|Any CPU.Build.0 = Release|Any CPU
		{F3048D3B-5779-FF63-3B4F-E35F1947D797}.Debug|Any CPU.ActiveCfg = Debug|Any CPU
		{F3048D3B-5779-FF63-3B4F-E35F1947D797}.Debug|Any CPU.Build.0 = Debug|Any CPU
		{F3048D3B-5779-FF63-3B4F-E35F1947D797}.Release|Any CPU.ActiveCfg = Release|Any CPU
		{F3048D3B-5779-FF63-3B4F-E35F1947D797}.Release|Any CPU.Build.0 = Release|Any CPU
		{3362E14D-A8F0-505C-3137-FF2215E59ADF}.Debug|Any CPU.ActiveCfg = Debug|Any CPU
		{3362E14D-A8F0-505C-3137-FF2215E59ADF}.Debug|Any CPU.Build.0 = Debug|Any CPU
		{3362E14D-A8F0-505C-3137-FF2215E59ADF}.Release|Any CPU.ActiveCfg = Release|Any CPU
		{3362E14D-A8F0-505C-3137-FF2215E59ADF}.Release|Any CPU.Build.0 = Release|Any CPU
	EndGlobalSection
	GlobalSection(SolutionProperties) = preSolution
		HideSolutionNode = FALSE
	EndGlobalSection
									GlobalSection(MonoDevelopProperties) = preSolution
		StartupItem = Assembly-CSharp.csproj
		Policies = $0
		$0.TextStylePolicy = $1
		$1.inheritsSet = null
		$1.scope = text/x-csharp
		$0.CSharpFormattingPolicy = $2
		$2.inheritsSet = Mono
		$2.inheritsScope = text/x-csharp
		$2.scope = text/x-csharp
		$0.TextStylePolicy = $3
		$3.FileWidth = 120
		$3.TabWidth = 4
		$3.EolMarker = Unix
		$3.inheritsSet = Mono
		$3.inheritsScope = text/plain
		$3.scope = text/plain
	EndGlobalSection

EndGlobal
